// !$*UTF8*$!
{
	archiveVersion = 1;
	classes = {
	};
	objectVersion = 77;
	objects = {

/* Begin PBXBuildFile section */
		0D8E4CF3695FC8293C16CB97 /* ContentView.swift in Sources */ = {isa = PBXBuildFile; fileRef = A5E976E22BFC9876BE45D068 /* ContentView.swift */; };
		0F8B72F1A94060AD7C9FE472 /* FaceVerificationSDK in Frameworks */ = {isa = PBXBuildFile; productRef = 225A8701593535B4EF529979 /* FaceVerificationSDK */; };
		1DB9A55C13CBFB6576E703DF /* FaceVerificationDemoApp.swift in Sources */ = {isa = PBXBuildFile; fileRef = EDF3F3CCD0D23B4160E57540 /* FaceVerificationDemoApp.swift */; };
/* End PBXBuildFile section */

/* Begin PBXFileReference section */
		A5E976E22BFC9876BE45D068 /* ContentView.swift */ = {isa = PBXFileReference; lastKnownFileType = sourcecode.swift; path = ContentView.swift; sourceTree = "<group>"; };
		B027005E47D74B4C07165586 /* FaceVerificationDemo.app */ = {isa = PBXFileReference; explicitFileType = wrapper.application; includeInIndex = 0; path = FaceVerificationDemo.app; sourceTree = BUILT_PRODUCTS_DIR; };
		C18FF7896D96F6A5F5F2E22A /* Info.plist */ = {isa = PBXFileReference; lastKnownFileType = text.plist; path = Info.plist; sourceTree = "<group>"; };
		EDF3F3CCD0D23B4160E57540 /* FaceVerificationDemoApp.swift */ = {isa = PBXFileReference; lastKnownFileType = sourcecode.swift; path = FaceVerificationDemoApp.swift; sourceTree = "<group>"; };
		F744C7B0492E90869E9B04AA /* ios-face-verification-sdk */ = {isa = PBXFileReference; lastKnownFileType = folder; name = "ios-face-verification-sdk"; path = ..; sourceTree = SOURCE_ROOT; };
/* End PBXFileReference section */

/* Begin PBXFrameworksBuildPhase section */
		44119252FEE074A1FC77B04B /* Frameworks */ = {
			isa = PBXFrameworksBuildPhase;
			buildActionMask = 2147483647;
			files = (
				0F8B72F1A94060AD7C9FE472 /* FaceVerificationSDK in Frameworks */,
			);
			runOnlyForDeploymentPostprocessing = 0;
		};
/* End PBXFrameworksBuildPhase section */

/* Begin PBXGroup section */
		1E2857CAC04326161B3BAD8C = {
			isa = PBXGroup;
			children = (
				FBB03AE8E55E560210B2A8D6 /* FaceVerificationDemo */,
				C5C5152F48D1D9486735A6E0 /* Packages */,
				533AA149ADFF75ED23D978B1 /* Products */,
			);
			sourceTree = "<group>";
		};
		533AA149ADFF75ED23D978B1 /* Products */ = {
			isa = PBXGroup;
			children = (
				B027005E47D74B4C07165586 /* FaceVerificationDemo.app */,
			);
			name = Products;
			sourceTree = "<group>";
		};
		C5C5152F48D1D9486735A6E0 /* Packages */ = {
			isa = PBXGroup;
			children = (
				F744C7B0492E90869E9B04AA /* ios-face-verification-sdk */,
			);
			name = Packages;
			sourceTree = "<group>";
		};
		FBB03AE8E55E560210B2A8D6 /* FaceVerificationDemo */ = {
			isa = PBXGroup;
			children = (
				A5E976E22BFC9876BE45D068 /* ContentView.swift */,
				EDF3F3CCD0D23B4160E57540 /* FaceVerificationDemoApp.swift */,
				C18FF7896D96F6A5F5F2E22A /* Info.plist */,
			);
			path = FaceVerificationDemo;
			sourceTree = "<group>";
		};
/* End PBXGroup section */

/* Begin PBXNativeTarget section */
		5714DA1D3087A595B36265D3 /* FaceVerificationDemo */ = {
			isa = PBXNativeTarget;
			buildConfigurationList = E159E570147079E6F7EB683A /* Build configuration list for PBXNativeTarget "FaceVerificationDemo" */;
			buildPhases = (
				73C5126E043AD53B9E2CE193 /* Sources */,
				44119252FEE074A1FC77B04B /* Frameworks */,
			);
			buildRules = (
			);
			dependencies = (
			);
			name = FaceVerificationDemo;
			packageProductDependencies = (
				225A8701593535B4EF529979 /* FaceVerificationSDK */,
			);
			productName = FaceVerificationDemo;
			productReference = B027005E47D74B4C07165586 /* FaceVerificationDemo.app */;
			productType = "com.apple.product-type.application";
		};
/* End PBXNativeTarget section */

/* Begin PBXProject section */
		9269AC1168D9B854963E179B /* Project object */ = {
			isa = PBXProject;
			attributes = {
				BuildIndependentTargetsInParallel = YES;
				LastUpgradeCheck = 1430;
				TargetAttributes = {
					5714DA1D3087A595B36265D3 = {
						ProvisioningStyle = Automatic;
					};
				};
			};
			buildConfigurationList = 2F1505E6DC2739B4C4217138 /* Build configuration list for PBXProject "FaceVerificationDemo" */;
			developmentRegion = en;
			hasScannedForEncodings = 0;
			knownRegions = (
				Base,
				en,
			);
			mainGroup = 1E2857CAC04326161B3BAD8C;
			minimizedProjectReferenceProxies = 1;
			packageReferences = (
				B4051790F1B5A6D505B4AA49 /* XCLocalSwiftPackageReference ".." */,
			);
			preferredProjectObjectVersion = 77;
			productRefGroup = 533AA149ADFF75ED23D978B1 /* Products */;
			projectDirPath = "";
			projectRoot = "";
			targets = (
				5714DA1D3087A595B36265D3 /* FaceVerificationDemo */,
			);
		};
/* End PBXProject section */

/* Begin PBXSourcesBuildPhase section */
		73C5126E043AD53B9E2CE193 /* Sources */ = {
			isa = PBXSourcesBuildPhase;
			buildActionMask = 2147483647;
			files = (
				0D8E4CF3695FC8293C16CB97 /* ContentView.swift in Sources */,
				1DB9A55C13CBFB6576E703DF /* FaceVerificationDemoApp.swift in Sources */,
			);
			runOnlyForDeploymentPostprocessing = 0;
		};
/* End PBXSourcesBuildPhase section */

/* Begin XCBuildConfiguration section */
		929EA2298E8943644FD77B6A /* Release */ = {
			isa = XCBuildConfiguration;
			buildSettings = {
				ASSETCATALOG_COMPILER_APPICON_NAME = AppIcon;
				CODE_SIGN_IDENTITY = "iPhone Developer";
				CODE_SIGN_STYLE = Automatic;
				CURRENT_PROJECT_VERSION = 1;
				DEVELOPMENT_TEAM = 6Z6632L5Y3;
				INFOPLIST_FILE = FaceVerificationDemo/Info.plist;
				LD_RUNPATH_SEARCH_PATHS = (
					"$(inherited)",
					"@executable_path/Frameworks",
				);
				MARKETING_VERSION = 1.0;
				PRODUCT_BUNDLE_IDENTIFIER = com.example.FaceVerificationDemo;
				SDKROOT = iphoneos;
				SWIFT_VERSION = 5.0;
				TARGETED_DEVICE_FAMILY = 1;
			};
			name = Release;
		};
		ACA64851BA5A9CAEF8306A5F /* Release */ = {
			isa = XCBuildConfiguration;
			buildSettings = {
				ALWAYS_SEARCH_USER_PATHS = NO;
				CLANG_ANALYZER_NONNULL = YES;
				CLANG_ANALYZER_NUMBER_OBJECT_CONVERSION = YES_AGGRESSIVE;
				CLANG_CXX_LANGUAGE_STANDARD = "gnu++14";
				CLANG_CXX_LIBRARY = "libc++";
				CLANG_ENABLE_MODULES = YES;
				CLANG_ENABLE_OBJC_ARC = YES;
				CLANG_ENABLE_OBJC_WEAK = YES;
				CLANG_WARN_BLOCK_CAPTURE_AUTORELEASING = YES;
				CLANG_WARN_BOOL_CONVERSION = YES;
				CLANG_WARN_COMMA = YES;
				CLANG_WARN_CONSTANT_CONVERSION = YES;
				CLANG_WARN_DEPRECATED_OBJC_IMPLEMENTATIONS = YES;
				CLANG_WARN_DIRECT_OBJC_ISA_USAGE = YES_ERROR;
				CLANG_WARN_DOCUMENTATION_COMMENTS = YES;
				CLANG_WARN_EMPTY_BODY = YES;
				CLANG_WARN_ENUM_CONVERSION = YES;
				CLANG_WARN_INFINITE_RECURSION = YES;
				CLANG_WARN_INT_CONVERSION = YES;
				CLANG_WARN_NON_LITERAL_NULL_CONVERSION = YES;
				CLANG_WARN_OBJC_IMPLICIT_RETAIN_SELF = YES;
				CLANG_WARN_OBJC_LITERAL_CONVERSION = YES;
				CLANG_WARN_OBJC_ROOT_CLASS = YES_ERROR;
				CLANG_WARN_QUOTED_INCLUDE_IN_FRAMEWORK_HEADER = YES;
				CLANG_WARN_RANGE_LOOP_ANALYSIS = YES;
				CLANG_WARN_STRICT_PROTOTYPES = YES;
				CLANG_WARN_SUSPICIOUS_MOVE = YES;
				CLANG_WARN_UNGUARDED_AVAILABILITY = YES_AGGRESSIVE;
				CLANG_WARN_UNREACHABLE_CODE = YES;
				CLANG_WARN__DUPLICATE_METHOD_MATCH = YES;
				COPY_PHASE_STRIP = NO;
				DEBUG_INFORMATION_FORMAT = "dwarf-with-dsym";
				ENABLE_NS_ASSERTIONS = NO;
				ENABLE_STRICT_OBJC_MSGSEND = YES;
				GCC_C_LANGUAGE_STANDARD = gnu11;
				GCC_NO_COMMON_BLOCKS = YES;
				GCC_WARN_64_TO_32_BIT_CONVERSION = YES;
				GCC_WARN_ABOUT_RETURN_TYPE = YES_ERROR;
				GCC_WARN_UNDECLARED_SELECTOR = YES;
				GCC_WARN_UNINITIALIZED_AUTOS = YES_AGGRESSIVE;
				GCC_WARN_UNUSED_FUNCTION = YES;
				GCC_WARN_UNUSED_VARIABLE = YES;
				IPHONEOS_DEPLOYMENT_TARGET = 15.0;
				MTL_ENABLE_DEBUG_INFO = NO;
				MTL_FAST_MATH = YES;
				PRODUCT_NAME = "$(TARGET_NAME)";
				SDKROOT = iphoneos;
				SWIFT_COMPILATION_MODE = wholemodule;
				SWIFT_OPTIMIZATION_LEVEL = "-O";
				SWIFT_VERSION = 5.0;
			};
			name = Release;
		};
		B157DE6C048859EA246A25D0 /* Debug */ = {
			isa = XCBuildConfiguration;
			buildSettings = {
				ALWAYS_SEARCH_USER_PATHS = NO;
				CLANG_ANALYZER_NONNULL = YES;
				CLANG_ANALYZER_NUMBER_OBJECT_CONVERSION = YES_AGGRESSIVE;
				CLANG_CXX_LANGUAGE_STANDARD = "gnu++14";
				CLANG_CXX_LIBRARY = "libc++";
				CLANG_ENABLE_MODULES = YES;
				CLANG_ENABLE_OBJC_ARC = YES;
				CLANG_ENABLE_OBJC_WEAK = YES;
				CLANG_WARN_BLOCK_CAPTURE_AUTORELEASING = YES;
				CLANG_WARN_BOOL_CONVERSION = YES;
				CLANG_WARN_COMMA = YES;
				CLANG_WARN_CONSTANT_CONVERSION = YES;
				CLANG_WARN_DEPRECATED_OBJC_IMPLEMENTATIONS = YES;
				CLANG_WARN_DIRECT_OBJC_ISA_USAGE = YES_ERROR;
				CLANG_WARN_DOCUMENTATION_COMMENTS = YES;
				CLANG_WARN_EMPTY_BODY = YES;
				CLANG_WARN_ENUM_CONVERSION = YES;
				CLANG_WARN_INFINITE_RECURSION = YES;
				CLANG_WARN_INT_CONVERSION = YES;
				CLANG_WARN_NON_LITERAL_NULL_CONVERSION = YES;
				CLANG_WARN_OBJC_IMPLICIT_RETAIN_SELF = YES;
				CLANG_WARN_OBJC_LITERAL_CONVERSION = YES;
				CLANG_WARN_OBJC_ROOT_CLASS = YES_ERROR;
				CLANG_WARN_QUOTED_INCLUDE_IN_FRAMEWORK_HEADER = YES;
				CLANG_WARN_RANGE_LOOP_ANALYSIS = YES;
				CLANG_WARN_STRICT_PROTOTYPES = YES;
				CLANG_WARN_SUSPICIOUS_MOVE = YES;
				CLANG_WARN_UNGUARDED_AVAILABILITY = YES_AGGRESSIVE;
				CLANG_WARN_UNREACHABLE_CODE = YES;
				CLANG_WARN__DUPLICATE_METHOD_MATCH = YES;
				COPY_PHASE_STRIP = NO;
				DEBUG_INFORMATION_FORMAT = dwarf;
				ENABLE_STRICT_OBJC_MSGSEND = YES;
				ENABLE_TESTABILITY = YES;
				GCC_C_LANGUAGE_STANDARD = gnu11;
				GCC_DYNAMIC_NO_PIC = NO;
				GCC_NO_COMMON_BLOCKS = YES;
				GCC_OPTIMIZATION_LEVEL = 0;
				GCC_PREPROCESSOR_DEFINITIONS = (
					"$(inherited)",
					"DEBUG=1",
				);
				GCC_WARN_64_TO_32_BIT_CONVERSION = YES;
				GCC_WARN_ABOUT_RETURN_TYPE = YES_ERROR;
				GCC_WARN_UNDECLARED_SELECTOR = YES;
				GCC_WARN_UNINITIALIZED_AUTOS = YES_AGGRESSIVE;
				GCC_WARN_UNUSED_FUNCTION = YES;
				GCC_WARN_UNUSED_VARIABLE = YES;
				IPHONEOS_DEPLOYMENT_TARGET = 15.0;
				MTL_ENABLE_DEBUG_INFO = INCLUDE_SOURCE;
				MTL_FAST_MATH = YES;
				ONLY_ACTIVE_ARCH = YES;
				PRODUCT_NAME = "$(TARGET_NAME)";
				SDKROOT = iphoneos;
				SWIFT_ACTIVE_COMPILATION_CONDITIONS = DEBUG;
				SWIFT_OPTIMIZATION_LEVEL = "-Onone";
				SWIFT_VERSION = 5.0;
			};
			name = Debug;
		};
		B38E4198FBDD8B888E8FB4DE /* Debug */ = {
			isa = XCBuildConfiguration;
			buildSettings = {
				ASSETCATALOG_COMPILER_APPICON_NAME = AppIcon;
				CODE_SIGN_IDENTITY = "iPhone Developer";
				CODE_SIGN_STYLE = Automatic;
				CURRENT_PROJECT_VERSION = 1;
				DEVELOPMENT_TEAM = 6Z6632L5Y3;
				INFOPLIST_FILE = FaceVerificationDemo/Info.plist;
				LD_RUNPATH_SEARCH_PATHS = (
					"$(inherited)",
					"@executable_path/Frameworks",
				);
				MARKETING_VERSION = 1.0;
				PRODUCT_BUNDLE_IDENTIFIER = com.example.FaceVerificationDemo;
				SDKROOT = iphoneos;
				SWIFT_VERSION = 5.0;
				TARGETED_DEVICE_FAMILY = 1;
			};
			name = Debug;
		};
/* End XCBuildConfiguration section */

/* Begin XCConfigurationList section */
		2F1505E6DC2739B4C4217138 /* Build configuration list for PBXProject "FaceVerificationDemo" */ = {
			isa = XCConfigurationList;
			buildConfigurations = (
				B157DE6C048859EA246A25D0 /* Debug */,
				ACA64851BA5A9CAEF8306A5F /* Release */,
			);
			defaultConfigurationIsVisible = 0;
			defaultConfigurationName = Debug;
		};
		E159E570147079E6F7EB683A /* Build configuration list for PBXNativeTarget "FaceVerificationDemo" */ = {
			isa = XCConfigurationList;
			buildConfigurations = (
				B38E4198FBDD8B888E8FB4DE /* Debug */,
				929EA2298E8943644FD77B6A /* Release */,
			);
			defaultConfigurationIsVisible = 0;
			defaultConfigurationName = Debug;
		};
/* End XCConfigurationList section */

/* Begin XCLocalSwiftPackageReference section */
		B4051790F1B5A6D505B4AA49 /* XCLocalSwiftPackageReference ".." */ = {
			isa = XCLocalSwiftPackageReference;
			relativePath = ..;
		};
/* End XCLocalSwiftPackageReference section */

/* Begin XCSwiftPackageProductDependency section */
		225A8701593535B4EF529979 /* FaceVerificationSDK */ = {
			isa = XCSwiftPackageProductDependency;
			productName = FaceVerificationSDK;
		};
/* End XCSwiftPackageProductDependency section */
	};
	rootObject = 9269AC1168D9B854963E179B /* Project object */;
}
